
Microsoft Visual Studio Solution File, Format Version 12.00
# Visual Studio Version 16
VisualStudioVersion = 16.0.30804.86
MinimumVisualStudioVersion = 10.0.40219.1
Project("{FAE04EC0-301F-11D3-BF4B-00C04F79EFBC}") = "NotKayitSistemi", "NotKayitSistemi\NotKayitSistemi.csproj", "{960437B1-7108-4884-82EE-439462C1A6F3}"
EndProject
Global
	GlobalSection(SolutionConfigurationPlatforms) = preSolution
		Debug|Any CPU = Debug|Any CPU
		Release|Any CPU = Release|Any CPU
	EndGlobalSection
	GlobalSection(ProjectConfigurationPlatforms) = postSolution
		{960437B1-7108-4884-82EE-439462C1A6F3}.Debug|Any CPU.ActiveCfg = Debug|Any CPU
		{960437B1-7108-4884-82EE-439462C1A6F3}.Debug|Any CPU.Build.0 = Debug|Any CPU
		{960437B1-7108-4884-82EE-439462C1A6F3}.Release|Any CPU.ActiveCfg = Release|Any CPU
		{960437B1-7108-4884-82EE-439462C1A6F3}.Release|Any CPU.Build.0 = Release|Any CPU
	EndGlobalSection
	GlobalSection(SolutionProperties) = preSolution
		HideSolutionNode = FALSE
	EndGlobalSection
	GlobalSection(ExtensibilityGlobals) = postSolution
		SolutionGuid = {851F57DC-C940-4D79-B7B5-D5F21FEC729C}
	EndGlobalSection
EndGlobal
